
Microsoft Visual Studio Solution File, Format Version 12.00
# Visual Studio 15
VisualStudioVersion = 15.0.27703.2042
MinimumVisualStudioVersion = 10.0.40219.1
Project("{FAE04EC0-301F-11D3-BF4B-00C04F79EFBC}") = "DP", "DP\DP.csproj", "{7F5A5B20-9AAF-4CCD-BD9E-64F9A0BDDBB6}"
EndProject
Project("{FAE04EC0-301F-11D3-BF4B-00C04F79EFBC}") = "DPTests", "DPTests\DPTests.csproj", "{79C953F7-88A8-42C1-AB40-60E583F12163}"
EndProject
Global
	GlobalSection(SolutionConfigurationPlatforms) = preSolution
		Debug|Any CPU = Debug|Any CPU
		Release|Any CPU = Release|Any CPU
	EndGlobalSection
	GlobalSection(ProjectConfigurationPlatforms) = postSolution
		{7F5A5B20-9AAF-4CCD-BD9E-64F9A0BDDBB6}.Debug|Any CPU.ActiveCfg = Debug|Any CPU
		{7F5A5B20-9AAF-4CCD-BD9E-64F9A0BDDBB6}.Debug|Any CPU.Build.0 = Debug|Any CPU
		{7F5A5B20-9AAF-4CCD-BD9E-64F9A0BDDBB6}.Release|Any CPU.ActiveCfg = Release|Any CPU
		{7F5A5B20-9AAF-4CCD-BD9E-64F9A0BDDBB6}.Release|Any CPU.Build.0 = Release|Any CPU
		{79C953F7-88A8-42C1-AB40-60E583F12163}.Debug|Any CPU.ActiveCfg = Debug|Any CPU
		{79C953F7-88A8-42C1-AB40-60E583F12163}.Debug|Any CPU.Build.0 = Debug|Any CPU
		{79C953F7-88A8-42C1-AB40-60E583F12163}.Release|Any CPU.ActiveCfg = Release|Any CPU
		{79C953F7-88A8-42C1-AB40-60E583F12163}.Release|Any CPU.Build.0 = Release|Any CPU
	EndGlobalSection
	GlobalSection(SolutionProperties) = preSolution
		HideSolutionNode = FALSE
	EndGlobalSection
	GlobalSection(ExtensibilityGlobals) = postSolution
		SolutionGuid = {BC6D9C04-7045-425F-BD33-04159265BD5A}
	EndGlobalSection
EndGlobal
